// !$*UTF8*$!
{
	archiveVersion = 1;
	classes = {
	};
	objectVersion = 50;
	objects = {

/* Begin PBXBuildFile section */
		279DC7AE83B415FADB26284F /* Pods_Iliad.framework in Frameworks */ = {isa = PBXBuildFile; fileRef = 690054E1B6EB8D8D40C38141 /* Pods_Iliad.framework */; };
		2A192F91211AF9F3007C1E5A /* LaunchScreen.storyboard in Resources */ = {isa = PBXBuildFile; fileRef = 2A192F8B211AF9F3007C1E5A /* LaunchScreen.storyboard */; };
		2A192F93211AF9F3007C1E5A /* Login.storyboard in Resources */ = {isa = PBXBuildFile; fileRef = 2A192F8F211AF9F3007C1E5A /* Login.storyboard */; };
		2A192F97211AFD08007C1E5A /* CustomButton.swift in Sources */ = {isa = PBXBuildFile; fileRef = 2A192F96211AFD08007C1E5A /* CustomButton.swift */; };
		2A192F99211AFF16007C1E5A /* LoginViewController.swift in Sources */ = {isa = PBXBuildFile; fileRef = 2A192F98211AFF16007C1E5A /* LoginViewController.swift */; };
		2A192F9E211B01F4007C1E5A /* API.swift in Sources */ = {isa = PBXBuildFile; fileRef = 2A192F9D211B01F4007C1E5A /* API.swift */; };
		2A192FA0211B02E7007C1E5A /* API+XT.swift in Sources */ = {isa = PBXBuildFile; fileRef = 2A192F9F211B02E7007C1E5A /* API+XT.swift */; };
		2A192FA2211B0306007C1E5A /* API+Login.swift in Sources */ = {isa = PBXBuildFile; fileRef = 2A192FA1211B0306007C1E5A /* API+Login.swift */; };
		2A192FA5211B0366007C1E5A /* Typealiases.swift in Sources */ = {isa = PBXBuildFile; fileRef = 2A192FA4211B0366007C1E5A /* Typealiases.swift */; };
		2A192FAB211B0383007C1E5A /* APIEndpoint+Tasks.swift in Sources */ = {isa = PBXBuildFile; fileRef = 2A192FA6211B0382007C1E5A /* APIEndpoint+Tasks.swift */; };
		2A192FAC211B0383007C1E5A /* APIEndpoint+Core.swift in Sources */ = {isa = PBXBuildFile; fileRef = 2A192FA7211B0382007C1E5A /* APIEndpoint+Core.swift */; };
		2A192FAD211B0383007C1E5A /* APIEndpoint+Methods.swift in Sources */ = {isa = PBXBuildFile; fileRef = 2A192FA8211B0383007C1E5A /* APIEndpoint+Methods.swift */; };
		2A192FAE211B0383007C1E5A /* APIEndpoint+Paths.swift in Sources */ = {isa = PBXBuildFile; fileRef = 2A192FA9211B0383007C1E5A /* APIEndpoint+Paths.swift */; };
		2A192FAF211B0383007C1E5A /* APIEndpoint.swift in Sources */ = {isa = PBXBuildFile; fileRef = 2A192FAA211B0383007C1E5A /* APIEndpoint.swift */; };
		2A192FB4211B060A007C1E5A /* AppConfig.swift in Sources */ = {isa = PBXBuildFile; fileRef = 2A192FB3211B060A007C1E5A /* AppConfig.swift */; };
		2A192FB6211B061F007C1E5A /* AppConfig+Prod.swift in Sources */ = {isa = PBXBuildFile; fileRef = 2A192FB5211B061F007C1E5A /* AppConfig+Prod.swift */; };
		2A192FBE211B12BD007C1E5A /* APIEndpoint+Paths.swift in Sources */ = {isa = PBXBuildFile; fileRef = 2A192FA9211B0383007C1E5A /* APIEndpoint+Paths.swift */; };
		2A192FBF211B12BD007C1E5A /* LoginViewController.swift in Sources */ = {isa = PBXBuildFile; fileRef = 2A192F98211AFF16007C1E5A /* LoginViewController.swift */; };
		2A192FC0211B12BD007C1E5A /* API+Login.swift in Sources */ = {isa = PBXBuildFile; fileRef = 2A192FA1211B0306007C1E5A /* API+Login.swift */; };
		2A192FC1211B12BD007C1E5A /* Typealiases.swift in Sources */ = {isa = PBXBuildFile; fileRef = 2A192FA4211B0366007C1E5A /* Typealiases.swift */; };
		2A192FC2211B12BD007C1E5A /* CustomButton.swift in Sources */ = {isa = PBXBuildFile; fileRef = 2A192F96211AFD08007C1E5A /* CustomButton.swift */; };
		2A192FC3211B12BD007C1E5A /* API.swift in Sources */ = {isa = PBXBuildFile; fileRef = 2A192F9D211B01F4007C1E5A /* API.swift */; };
		2A192FC4211B12BD007C1E5A /* AppDelegate.swift in Sources */ = {isa = PBXBuildFile; fileRef = 2A80F30D211AEF21008D8C89 /* AppDelegate.swift */; };
		2A192FC5211B12BD007C1E5A /* APIEndpoint.swift in Sources */ = {isa = PBXBuildFile; fileRef = 2A192FAA211B0383007C1E5A /* APIEndpoint.swift */; };
		2A192FC7211B12BD007C1E5A /* APIEndpoint+Tasks.swift in Sources */ = {isa = PBXBuildFile; fileRef = 2A192FA6211B0382007C1E5A /* APIEndpoint+Tasks.swift */; };
		2A192FC8211B12BD007C1E5A /* API+XT.swift in Sources */ = {isa = PBXBuildFile; fileRef = 2A192F9F211B02E7007C1E5A /* API+XT.swift */; };
		2A192FC9211B12BD007C1E5A /* AppConfig.swift in Sources */ = {isa = PBXBuildFile; fileRef = 2A192FB3211B060A007C1E5A /* AppConfig.swift */; };
		2A192FCA211B12BD007C1E5A /* AppConfig+Staging.swift in Sources */ = {isa = PBXBuildFile; fileRef = 2A192FB7211B0638007C1E5A /* AppConfig+Staging.swift */; };
		2A192FCB211B12BD007C1E5A /* APIEndpoint+Methods.swift in Sources */ = {isa = PBXBuildFile; fileRef = 2A192FA8211B0383007C1E5A /* APIEndpoint+Methods.swift */; };
		2A192FCC211B12BD007C1E5A /* APIEndpoint+Core.swift in Sources */ = {isa = PBXBuildFile; fileRef = 2A192FA7211B0382007C1E5A /* APIEndpoint+Core.swift */; };
		2A192FCF211B12BD007C1E5A /* Pods_Iliad.framework in Frameworks */ = {isa = PBXBuildFile; fileRef = 690054E1B6EB8D8D40C38141 /* Pods_Iliad.framework */; };
		2A192FD1211B12BD007C1E5A /* Login.storyboard in Resources */ = {isa = PBXBuildFile; fileRef = 2A192F8F211AF9F3007C1E5A /* Login.storyboard */; };
		2A192FD2211B12BD007C1E5A /* Assets.xcassets in Resources */ = {isa = PBXBuildFile; fileRef = 2A80F314211AEF22008D8C89 /* Assets.xcassets */; };
		2A192FD3211B12BD007C1E5A /* LaunchScreen.storyboard in Resources */ = {isa = PBXBuildFile; fileRef = 2A192F8B211AF9F3007C1E5A /* LaunchScreen.storyboard */; };
		2A192FDD211B12C0007C1E5A /* APIEndpoint+Paths.swift in Sources */ = {isa = PBXBuildFile; fileRef = 2A192FA9211B0383007C1E5A /* APIEndpoint+Paths.swift */; };
		2A192FDE211B12C0007C1E5A /* LoginViewController.swift in Sources */ = {isa = PBXBuildFile; fileRef = 2A192F98211AFF16007C1E5A /* LoginViewController.swift */; };
		2A192FDF211B12C0007C1E5A /* API+Login.swift in Sources */ = {isa = PBXBuildFile; fileRef = 2A192FA1211B0306007C1E5A /* API+Login.swift */; };
		2A192FE0211B12C0007C1E5A /* Typealiases.swift in Sources */ = {isa = PBXBuildFile; fileRef = 2A192FA4211B0366007C1E5A /* Typealiases.swift */; };
		2A192FE1211B12C0007C1E5A /* CustomButton.swift in Sources */ = {isa = PBXBuildFile; fileRef = 2A192F96211AFD08007C1E5A /* CustomButton.swift */; };
		2A192FE2211B12C0007C1E5A /* API.swift in Sources */ = {isa = PBXBuildFile; fileRef = 2A192F9D211B01F4007C1E5A /* API.swift */; };
		2A192FE3211B12C0007C1E5A /* AppDelegate.swift in Sources */ = {isa = PBXBuildFile; fileRef = 2A80F30D211AEF21008D8C89 /* AppDelegate.swift */; };
		2A192FE4211B12C0007C1E5A /* APIEndpoint.swift in Sources */ = {isa = PBXBuildFile; fileRef = 2A192FAA211B0383007C1E5A /* APIEndpoint.swift */; };
		2A192FE6211B12C0007C1E5A /* APIEndpoint+Tasks.swift in Sources */ = {isa = PBXBuildFile; fileRef = 2A192FA6211B0382007C1E5A /* APIEndpoint+Tasks.swift */; };
		2A192FE7211B12C0007C1E5A /* API+XT.swift in Sources */ = {isa = PBXBuildFile; fileRef = 2A192F9F211B02E7007C1E5A /* API+XT.swift */; };
		2A192FE8211B12C0007C1E5A /* AppConfig.swift in Sources */ = {isa = PBXBuildFile; fileRef = 2A192FB3211B060A007C1E5A /* AppConfig.swift */; };
		2A192FEA211B12C0007C1E5A /* APIEndpoint+Methods.swift in Sources */ = {isa = PBXBuildFile; fileRef = 2A192FA8211B0383007C1E5A /* APIEndpoint+Methods.swift */; };
		2A192FEB211B12C0007C1E5A /* APIEndpoint+Core.swift in Sources */ = {isa = PBXBuildFile; fileRef = 2A192FA7211B0382007C1E5A /* APIEndpoint+Core.swift */; };
		2A192FEC211B12C0007C1E5A /* AppConfig+Dev.swift in Sources */ = {isa = PBXBuildFile; fileRef = 2A192FB9211B064A007C1E5A /* AppConfig+Dev.swift */; };
		2A192FEE211B12C0007C1E5A /* Pods_Iliad.framework in Frameworks */ = {isa = PBXBuildFile; fileRef = 690054E1B6EB8D8D40C38141 /* Pods_Iliad.framework */; };
		2A192FF0211B12C0007C1E5A /* Login.storyboard in Resources */ = {isa = PBXBuildFile; fileRef = 2A192F8F211AF9F3007C1E5A /* Login.storyboard */; };
		2A192FF1211B12C0007C1E5A /* Assets.xcassets in Resources */ = {isa = PBXBuildFile; fileRef = 2A80F314211AEF22008D8C89 /* Assets.xcassets */; };
		2A192FF2211B12C0007C1E5A /* LaunchScreen.storyboard in Resources */ = {isa = PBXBuildFile; fileRef = 2A192F8B211AF9F3007C1E5A /* LaunchScreen.storyboard */; };
		2A193000211B1766007C1E5A /* Credentials.swift in Sources */ = {isa = PBXBuildFile; fileRef = 2A192FFD211B172C007C1E5A /* Credentials.swift */; };
		2A80F30E211AEF21008D8C89 /* AppDelegate.swift in Sources */ = {isa = PBXBuildFile; fileRef = 2A80F30D211AEF21008D8C89 /* AppDelegate.swift */; };
		2A80F315211AEF22008D8C89 /* Assets.xcassets in Resources */ = {isa = PBXBuildFile; fileRef = 2A80F314211AEF22008D8C89 /* Assets.xcassets */; };
/* End PBXBuildFile section */

/* Begin PBXFileReference section */
		2A192F8C211AF9F3007C1E5A /* Base */ = {isa = PBXFileReference; lastKnownFileType = file.storyboard; name = Base; path = Base.lproj/LaunchScreen.storyboard; sourceTree = "<group>"; };
		2A192F90211AF9F3007C1E5A /* Base */ = {isa = PBXFileReference; lastKnownFileType = file.storyboard; name = Base; path = Base.lproj/Login.storyboard; sourceTree = "<group>"; };
		2A192F96211AFD08007C1E5A /* CustomButton.swift */ = {isa = PBXFileReference; fileEncoding = 4; lastKnownFileType = sourcecode.swift; path = CustomButton.swift; sourceTree = "<group>"; };
		2A192F98211AFF16007C1E5A /* LoginViewController.swift */ = {isa = PBXFileReference; lastKnownFileType = sourcecode.swift; path = LoginViewController.swift; sourceTree = "<group>"; };
		2A192F9D211B01F4007C1E5A /* API.swift */ = {isa = PBXFileReference; fileEncoding = 4; lastKnownFileType = sourcecode.swift; path = API.swift; sourceTree = "<group>"; };
		2A192F9F211B02E7007C1E5A /* API+XT.swift */ = {isa = PBXFileReference; fileEncoding = 4; lastKnownFileType = sourcecode.swift; path = "API+XT.swift"; sourceTree = "<group>"; };
		2A192FA1211B0306007C1E5A /* API+Login.swift */ = {isa = PBXFileReference; lastKnownFileType = sourcecode.swift; path = "API+Login.swift"; sourceTree = "<group>"; };
		2A192FA4211B0366007C1E5A /* Typealiases.swift */ = {isa = PBXFileReference; fileEncoding = 4; lastKnownFileType = sourcecode.swift; path = Typealiases.swift; sourceTree = "<group>"; };
		2A192FA6211B0382007C1E5A /* APIEndpoint+Tasks.swift */ = {isa = PBXFileReference; fileEncoding = 4; lastKnownFileType = sourcecode.swift; path = "APIEndpoint+Tasks.swift"; sourceTree = "<group>"; };
		2A192FA7211B0382007C1E5A /* APIEndpoint+Core.swift */ = {isa = PBXFileReference; fileEncoding = 4; lastKnownFileType = sourcecode.swift; path = "APIEndpoint+Core.swift"; sourceTree = "<group>"; };
		2A192FA8211B0383007C1E5A /* APIEndpoint+Methods.swift */ = {isa = PBXFileReference; fileEncoding = 4; lastKnownFileType = sourcecode.swift; path = "APIEndpoint+Methods.swift"; sourceTree = "<group>"; };
		2A192FA9211B0383007C1E5A /* APIEndpoint+Paths.swift */ = {isa = PBXFileReference; fileEncoding = 4; lastKnownFileType = sourcecode.swift; path = "APIEndpoint+Paths.swift"; sourceTree = "<group>"; };
		2A192FAA211B0383007C1E5A /* APIEndpoint.swift */ = {isa = PBXFileReference; fileEncoding = 4; lastKnownFileType = sourcecode.swift; path = APIEndpoint.swift; sourceTree = "<group>"; };
		2A192FB3211B060A007C1E5A /* AppConfig.swift */ = {isa = PBXFileReference; fileEncoding = 4; lastKnownFileType = sourcecode.swift; path = AppConfig.swift; sourceTree = "<group>"; };
		2A192FB5211B061F007C1E5A /* AppConfig+Prod.swift */ = {isa = PBXFileReference; fileEncoding = 4; lastKnownFileType = sourcecode.swift; path = "AppConfig+Prod.swift"; sourceTree = "<group>"; };
		2A192FB7211B0638007C1E5A /* AppConfig+Staging.swift */ = {isa = PBXFileReference; fileEncoding = 4; lastKnownFileType = sourcecode.swift; path = "AppConfig+Staging.swift"; sourceTree = "<group>"; };
		2A192FB9211B064A007C1E5A /* AppConfig+Dev.swift */ = {isa = PBXFileReference; fileEncoding = 4; lastKnownFileType = sourcecode.swift; path = "AppConfig+Dev.swift"; sourceTree = "<group>"; };
		2A192FD8211B12BD007C1E5A /* IliadStaging.app */ = {isa = PBXFileReference; explicitFileType = wrapper.application; includeInIndex = 0; path = IliadStaging.app; sourceTree = BUILT_PRODUCTS_DIR; };
		2A192FD9211B12BD007C1E5A /* iliadStaging-Info.plist */ = {isa = PBXFileReference; lastKnownFileType = text.plist.xml; name = "iliadStaging-Info.plist"; path = "/Users/luigi/Workspace/iliad/iliadStaging-Info.plist"; sourceTree = "<absolute>"; };
		2A192FF7211B12C0007C1E5A /* IliadDev.app */ = {isa = PBXFileReference; explicitFileType = wrapper.application; includeInIndex = 0; path = IliadDev.app; sourceTree = BUILT_PRODUCTS_DIR; };
		2A192FF8211B12C1007C1E5A /* iliadDev-Info.plist */ = {isa = PBXFileReference; lastKnownFileType = text.plist.xml; name = "iliadDev-Info.plist"; path = "/Users/luigi/Workspace/iliad/iliadDev-Info.plist"; sourceTree = "<absolute>"; };
		2A192FFD211B172C007C1E5A /* Credentials.swift */ = {isa = PBXFileReference; lastKnownFileType = sourcecode.swift; path = Credentials.swift; sourceTree = "<group>"; };
		2A80F30A211AEF21008D8C89 /* IliadProd.app */ = {isa = PBXFileReference; explicitFileType = wrapper.application; includeInIndex = 0; path = IliadProd.app; sourceTree = BUILT_PRODUCTS_DIR; };
		2A80F30D211AEF21008D8C89 /* AppDelegate.swift */ = {isa = PBXFileReference; lastKnownFileType = sourcecode.swift; path = AppDelegate.swift; sourceTree = "<group>"; };
		2A80F314211AEF22008D8C89 /* Assets.xcassets */ = {isa = PBXFileReference; lastKnownFileType = folder.assetcatalog; path = Assets.xcassets; sourceTree = "<group>"; };
		2A80F319211AEF22008D8C89 /* iliadProd-Info.plist */ = {isa = PBXFileReference; lastKnownFileType = text.plist.xml; path = "iliadProd-Info.plist"; sourceTree = "<group>"; };
		690054E1B6EB8D8D40C38141 /* Pods_Iliad.framework */ = {isa = PBXFileReference; explicitFileType = wrapper.framework; includeInIndex = 0; path = Pods_Iliad.framework; sourceTree = BUILT_PRODUCTS_DIR; };
		D530370BE9EF242CC0B8EF31 /* Pods-Iliad.release.xcconfig */ = {isa = PBXFileReference; includeInIndex = 1; lastKnownFileType = text.xcconfig; name = "Pods-Iliad.release.xcconfig"; path = "Pods/Target Support Files/Pods-Iliad/Pods-Iliad.release.xcconfig"; sourceTree = "<group>"; };
		E10A2C97B6E7F45CBDDDA3DB /* Pods-Iliad.debug.xcconfig */ = {isa = PBXFileReference; includeInIndex = 1; lastKnownFileType = text.xcconfig; name = "Pods-Iliad.debug.xcconfig"; path = "Pods/Target Support Files/Pods-Iliad/Pods-Iliad.debug.xcconfig"; sourceTree = "<group>"; };
/* End PBXFileReference section */

/* Begin PBXFrameworksBuildPhase section */
		2A192FCE211B12BD007C1E5A /* Frameworks */ = {
			isa = PBXFrameworksBuildPhase;
			buildActionMask = 2147483647;
			files = (
				2A192FCF211B12BD007C1E5A /* Pods_Iliad.framework in Frameworks */,
			);
			runOnlyForDeploymentPostprocessing = 0;
		};
		2A192FED211B12C0007C1E5A /* Frameworks */ = {
			isa = PBXFrameworksBuildPhase;
			buildActionMask = 2147483647;
			files = (
				2A192FEE211B12C0007C1E5A /* Pods_Iliad.framework in Frameworks */,
			);
			runOnlyForDeploymentPostprocessing = 0;
		};
		2A80F307211AEF21008D8C89 /* Frameworks */ = {
			isa = PBXFrameworksBuildPhase;
			buildActionMask = 2147483647;
			files = (
				279DC7AE83B415FADB26284F /* Pods_Iliad.framework in Frameworks */,
			);
			runOnlyForDeploymentPostprocessing = 0;
		};
/* End PBXFrameworksBuildPhase section */

/* Begin PBXGroup section */
		004341AD034F68D90CB0641A /* Frameworks */ = {
			isa = PBXGroup;
			children = (
				690054E1B6EB8D8D40C38141 /* Pods_Iliad.framework */,
			);
			name = Frameworks;
			sourceTree = "<group>";
		};
		2A192F94211AFC72007C1E5A /* Sources */ = {
			isa = PBXGroup;
			children = (
				2A192F9A211B017F007C1E5A /* Networking */,
				2A80F320211AEF3C008D8C89 /* Controllers */,
				2A192F95211AFCE3007C1E5A /* Components */,
				2A192FA3211B0351007C1E5A /* Utilities */,
			);
			path = Sources;
			sourceTree = "<group>";
		};
		2A192F95211AFCE3007C1E5A /* Components */ = {
			isa = PBXGroup;
			children = (
				2A192F96211AFD08007C1E5A /* CustomButton.swift */,
			);
			path = Components;
			sourceTree = "<group>";
		};
		2A192F9A211B017F007C1E5A /* Networking */ = {
			isa = PBXGroup;
			children = (
				2A192F9B211B01A5007C1E5A /* APIs */,
				2A192F9C211B01AB007C1E5A /* Configurations */,
			);
			path = Networking;
			sourceTree = "<group>";
		};
		2A192F9B211B01A5007C1E5A /* APIs */ = {
			isa = PBXGroup;
			children = (
				2A192F9D211B01F4007C1E5A /* API.swift */,
				2A192F9F211B02E7007C1E5A /* API+XT.swift */,
				2A192FA1211B0306007C1E5A /* API+Login.swift */,
			);
			path = APIs;
			sourceTree = "<group>";
		};
		2A192F9C211B01AB007C1E5A /* Configurations */ = {
			isa = PBXGroup;
			children = (
				2A192FAA211B0383007C1E5A /* APIEndpoint.swift */,
				2A192FA7211B0382007C1E5A /* APIEndpoint+Core.swift */,
				2A192FA8211B0383007C1E5A /* APIEndpoint+Methods.swift */,
				2A192FA9211B0383007C1E5A /* APIEndpoint+Paths.swift */,
				2A192FA6211B0382007C1E5A /* APIEndpoint+Tasks.swift */,
			);
			path = Configurations;
			sourceTree = "<group>";
		};
		2A192FA3211B0351007C1E5A /* Utilities */ = {
			isa = PBXGroup;
			children = (
				2A192FA4211B0366007C1E5A /* Typealiases.swift */,
				2A192FFD211B172C007C1E5A /* Credentials.swift */,
			);
			path = Utilities;
			sourceTree = "<group>";
		};
		2A192FB0211B05ED007C1E5A /* Prod */ = {
			isa = PBXGroup;
			children = (
				2A192FB5211B061F007C1E5A /* AppConfig+Prod.swift */,
				2A80F319211AEF22008D8C89 /* iliadProd-Info.plist */,
			);
			path = Prod;
			sourceTree = "<group>";
		};
		2A192FB1211B05F3007C1E5A /* Staging */ = {
			isa = PBXGroup;
			children = (
				2A192FB7211B0638007C1E5A /* AppConfig+Staging.swift */,
				2A192FD9211B12BD007C1E5A /* iliadStaging-Info.plist */,
			);
			path = Staging;
			sourceTree = "<group>";
		};
		2A192FB2211B05F8007C1E5A /* Dev */ = {
			isa = PBXGroup;
			children = (
				2A192FB9211B064A007C1E5A /* AppConfig+Dev.swift */,
				2A192FF8211B12C1007C1E5A /* iliadDev-Info.plist */,
			);
			path = Dev;
			sourceTree = "<group>";
		};
		2A80F301211AEF21008D8C89 = {
			isa = PBXGroup;
			children = (
				2A80F30C211AEF21008D8C89 /* Iliad */,
				2A80F30B211AEF21008D8C89 /* Products */,
				66121AC3963DC814846714DB /* Pods */,
				004341AD034F68D90CB0641A /* Frameworks */,
			);
			sourceTree = "<group>";
		};
		2A80F30B211AEF21008D8C89 /* Products */ = {
			isa = PBXGroup;
			children = (
				2A80F30A211AEF21008D8C89 /* IliadProd.app */,
				2A192FD8211B12BD007C1E5A /* IliadStaging.app */,
				2A192FF7211B12C0007C1E5A /* IliadDev.app */,
			);
			name = Products;
			sourceTree = "<group>";
		};
		2A80F30C211AEF21008D8C89 /* Iliad */ = {
			isa = PBXGroup;
			children = (
				2A80F30D211AEF21008D8C89 /* AppDelegate.swift */,
				2A80F322211AEF7F008D8C89 /* Configurations */,
				2A192F94211AFC72007C1E5A /* Sources */,
				2A80F321211AEF40008D8C89 /* Storyboards */,
				2A80F31F211AEF37008D8C89 /* Resources */,
			);
			path = Iliad;
			sourceTree = "<group>";
		};
		2A80F31F211AEF37008D8C89 /* Resources */ = {
			isa = PBXGroup;
			children = (
				2A80F314211AEF22008D8C89 /* Assets.xcassets */,
			);
			path = Resources;
			sourceTree = "<group>";
		};
		2A80F320211AEF3C008D8C89 /* Controllers */ = {
			isa = PBXGroup;
			children = (
				2A192F98211AFF16007C1E5A /* LoginViewController.swift */,
			);
			path = Controllers;
			sourceTree = "<group>";
		};
		2A80F321211AEF40008D8C89 /* Storyboards */ = {
			isa = PBXGroup;
			children = (
				2A192F8B211AF9F3007C1E5A /* LaunchScreen.storyboard */,
				2A192F8F211AF9F3007C1E5A /* Login.storyboard */,
			);
			path = Storyboards;
			sourceTree = "<group>";
		};
		2A80F322211AEF7F008D8C89 /* Configurations */ = {
			isa = PBXGroup;
			children = (
				2A192FB3211B060A007C1E5A /* AppConfig.swift */,
				2A192FB0211B05ED007C1E5A /* Prod */,
				2A192FB1211B05F3007C1E5A /* Staging */,
				2A192FB2211B05F8007C1E5A /* Dev */,
			);
			path = Configurations;
			sourceTree = "<group>";
		};
		66121AC3963DC814846714DB /* Pods */ = {
			isa = PBXGroup;
			children = (
				E10A2C97B6E7F45CBDDDA3DB /* Pods-Iliad.debug.xcconfig */,
				D530370BE9EF242CC0B8EF31 /* Pods-Iliad.release.xcconfig */,
			);
			name = Pods;
			sourceTree = "<group>";
		};
/* End PBXGroup section */

/* Begin PBXNativeTarget section */
		2A192FBB211B12BD007C1E5A /* IliadStaging */ = {
			isa = PBXNativeTarget;
			buildConfigurationList = 2A192FD5211B12BD007C1E5A /* Build configuration list for PBXNativeTarget "IliadStaging" */;
			buildPhases = (
				2A192FBC211B12BD007C1E5A /* [CP] Check Pods Manifest.lock */,
				2A192FBD211B12BD007C1E5A /* Sources */,
				2A192FCE211B12BD007C1E5A /* Frameworks */,
				2A192FD0211B12BD007C1E5A /* Resources */,
				2A192FD4211B12BD007C1E5A /* [CP] Embed Pods Frameworks */,
			);
			buildRules = (
			);
			dependencies = (
			);
			name = IliadStaging;
			productName = Iliad;
			productReference = 2A192FD8211B12BD007C1E5A /* IliadStaging.app */;
			productType = "com.apple.product-type.application";
		};
		2A192FDA211B12C0007C1E5A /* IliadDev */ = {
			isa = PBXNativeTarget;
			buildConfigurationList = 2A192FF4211B12C0007C1E5A /* Build configuration list for PBXNativeTarget "IliadDev" */;
			buildPhases = (
				2A192FDB211B12C0007C1E5A /* [CP] Check Pods Manifest.lock */,
				2A192FDC211B12C0007C1E5A /* Sources */,
				2A192FED211B12C0007C1E5A /* Frameworks */,
				2A192FEF211B12C0007C1E5A /* Resources */,
				2A192FF3211B12C0007C1E5A /* [CP] Embed Pods Frameworks */,
			);
			buildRules = (
			);
			dependencies = (
			);
			name = IliadDev;
			productName = Iliad;
			productReference = 2A192FF7211B12C0007C1E5A /* IliadDev.app */;
			productType = "com.apple.product-type.application";
		};
		2A80F309211AEF21008D8C89 /* IliadProd */ = {
			isa = PBXNativeTarget;
			buildConfigurationList = 2A80F31C211AEF22008D8C89 /* Build configuration list for PBXNativeTarget "IliadProd" */;
			buildPhases = (
				42AD899E127D686FB520AC34 /* [CP] Check Pods Manifest.lock */,
				2A80F306211AEF21008D8C89 /* Sources */,
				2A80F307211AEF21008D8C89 /* Frameworks */,
				2A80F308211AEF21008D8C89 /* Resources */,
				86250B09C3A0124FE674DF0E /* [CP] Embed Pods Frameworks */,
			);
			buildRules = (
			);
			dependencies = (
			);
			name = IliadProd;
			productName = Iliad;
			productReference = 2A80F30A211AEF21008D8C89 /* IliadProd.app */;
			productType = "com.apple.product-type.application";
		};
/* End PBXNativeTarget section */

/* Begin PBXProject section */
		2A80F302211AEF21008D8C89 /* Project object */ = {
			isa = PBXProject;
			attributes = {
				LastSwiftUpdateCheck = 0940;
				LastUpgradeCheck = 0940;
				ORGANIZATIONNAME = "Luigi Aiello";
				TargetAttributes = {
					2A80F309211AEF21008D8C89 = {
						CreatedOnToolsVersion = 9.4.1;
					};
				};
			};
			buildConfigurationList = 2A80F305211AEF21008D8C89 /* Build configuration list for PBXProject "Iliad" */;
			compatibilityVersion = "Xcode 9.3";
			developmentRegion = en;
			hasScannedForEncodings = 0;
			knownRegions = (
				en,
				Base,
			);
			mainGroup = 2A80F301211AEF21008D8C89;
			productRefGroup = 2A80F30B211AEF21008D8C89 /* Products */;
			projectDirPath = "";
			projectRoot = "";
			targets = (
				2A80F309211AEF21008D8C89 /* IliadProd */,
				2A192FBB211B12BD007C1E5A /* IliadStaging */,
				2A192FDA211B12C0007C1E5A /* IliadDev */,
			);
		};
/* End PBXProject section */

/* Begin PBXResourcesBuildPhase section */
		2A192FD0211B12BD007C1E5A /* Resources */ = {
			isa = PBXResourcesBuildPhase;
			buildActionMask = 2147483647;
			files = (
				2A192FD1211B12BD007C1E5A /* Login.storyboard in Resources */,
				2A192FD2211B12BD007C1E5A /* Assets.xcassets in Resources */,
				2A192FD3211B12BD007C1E5A /* LaunchScreen.storyboard in Resources */,
			);
			runOnlyForDeploymentPostprocessing = 0;
		};
		2A192FEF211B12C0007C1E5A /* Resources */ = {
			isa = PBXResourcesBuildPhase;
			buildActionMask = 2147483647;
			files = (
				2A192FF0211B12C0007C1E5A /* Login.storyboard in Resources */,
				2A192FF1211B12C0007C1E5A /* Assets.xcassets in Resources */,
				2A192FF2211B12C0007C1E5A /* LaunchScreen.storyboard in Resources */,
			);
			runOnlyForDeploymentPostprocessing = 0;
		};
		2A80F308211AEF21008D8C89 /* Resources */ = {
			isa = PBXResourcesBuildPhase;
			buildActionMask = 2147483647;
			files = (
				2A192F93211AF9F3007C1E5A /* Login.storyboard in Resources */,
				2A80F315211AEF22008D8C89 /* Assets.xcassets in Resources */,
				2A192F91211AF9F3007C1E5A /* LaunchScreen.storyboard in Resources */,
			);
			runOnlyForDeploymentPostprocessing = 0;
		};
/* End PBXResourcesBuildPhase section */

/* Begin PBXShellScriptBuildPhase section */
		2A192FBC211B12BD007C1E5A /* [CP] Check Pods Manifest.lock */ = {
			isa = PBXShellScriptBuildPhase;
			buildActionMask = 2147483647;
			files = (
			);
			inputPaths = (
				"${PODS_PODFILE_DIR_PATH}/Podfile.lock",
				"${PODS_ROOT}/Manifest.lock",
			);
			name = "[CP] Check Pods Manifest.lock";
			outputPaths = (
				"$(DERIVED_FILE_DIR)/Pods-Iliad-checkManifestLockResult.txt",
			);
			runOnlyForDeploymentPostprocessing = 0;
			shellPath = /bin/sh;
			shellScript = "diff \"${PODS_PODFILE_DIR_PATH}/Podfile.lock\" \"${PODS_ROOT}/Manifest.lock\" > /dev/null\nif [ $? != 0 ] ; then\n    # print error to STDERR\n    echo \"error: The sandbox is not in sync with the Podfile.lock. Run 'pod install' or update your CocoaPods installation.\" >&2\n    exit 1\nfi\n# This output is used by Xcode 'outputs' to avoid re-running this script phase.\necho \"SUCCESS\" > \"${SCRIPT_OUTPUT_FILE_0}\"\n";
			showEnvVarsInLog = 0;
		};
		2A192FD4211B12BD007C1E5A /* [CP] Embed Pods Frameworks */ = {
			isa = PBXShellScriptBuildPhase;
			buildActionMask = 2147483647;
			files = (
			);
			inputPaths = (
				"${SRCROOT}/Pods/Target Support Files/Pods-Iliad/Pods-Iliad-frameworks.sh",
				"${BUILT_PRODUCTS_DIR}/Alamofire/Alamofire.framework",
				"${BUILT_PRODUCTS_DIR}/Moya/Moya.framework",
				"${BUILT_PRODUCTS_DIR}/Result/Result.framework",
				"${BUILT_PRODUCTS_DIR}/SkyFloatingLabelTextField/SkyFloatingLabelTextField.framework",
				"${BUILT_PRODUCTS_DIR}/SwiftyJSON/SwiftyJSON.framework",
			);
			name = "[CP] Embed Pods Frameworks";
			outputPaths = (
				"${TARGET_BUILD_DIR}/${FRAMEWORKS_FOLDER_PATH}/Alamofire.framework",
				"${TARGET_BUILD_DIR}/${FRAMEWORKS_FOLDER_PATH}/Moya.framework",
				"${TARGET_BUILD_DIR}/${FRAMEWORKS_FOLDER_PATH}/Result.framework",
				"${TARGET_BUILD_DIR}/${FRAMEWORKS_FOLDER_PATH}/SkyFloatingLabelTextField.framework",
				"${TARGET_BUILD_DIR}/${FRAMEWORKS_FOLDER_PATH}/SwiftyJSON.framework",
			);
			runOnlyForDeploymentPostprocessing = 0;
			shellPath = /bin/sh;
			shellScript = "\"${SRCROOT}/Pods/Target Support Files/Pods-Iliad/Pods-Iliad-frameworks.sh\"\n";
			showEnvVarsInLog = 0;
		};
		2A192FDB211B12C0007C1E5A /* [CP] Check Pods Manifest.lock */ = {
			isa = PBXShellScriptBuildPhase;
			buildActionMask = 2147483647;
			files = (
			);
			inputPaths = (
				"${PODS_PODFILE_DIR_PATH}/Podfile.lock",
				"${PODS_ROOT}/Manifest.lock",
			);
			name = "[CP] Check Pods Manifest.lock";
			outputPaths = (
				"$(DERIVED_FILE_DIR)/Pods-Iliad-checkManifestLockResult.txt",
			);
			runOnlyForDeploymentPostprocessing = 0;
			shellPath = /bin/sh;
			shellScript = "diff \"${PODS_PODFILE_DIR_PATH}/Podfile.lock\" \"${PODS_ROOT}/Manifest.lock\" > /dev/null\nif [ $? != 0 ] ; then\n    # print error to STDERR\n    echo \"error: The sandbox is not in sync with the Podfile.lock. Run 'pod install' or update your CocoaPods installation.\" >&2\n    exit 1\nfi\n# This output is used by Xcode 'outputs' to avoid re-running this script phase.\necho \"SUCCESS\" > \"${SCRIPT_OUTPUT_FILE_0}\"\n";
			showEnvVarsInLog = 0;
		};
		2A192FF3211B12C0007C1E5A /* [CP] Embed Pods Frameworks */ = {
			isa = PBXShellScriptBuildPhase;
			buildActionMask = 2147483647;
			files = (
			);
			inputPaths = (
				"${SRCROOT}/Pods/Target Support Files/Pods-Iliad/Pods-Iliad-frameworks.sh",
				"${BUILT_PRODUCTS_DIR}/Alamofire/Alamofire.framework",
				"${BUILT_PRODUCTS_DIR}/Moya/Moya.framework",
				"${BUILT_PRODUCTS_DIR}/Result/Result.framework",
				"${BUILT_PRODUCTS_DIR}/SkyFloatingLabelTextField/SkyFloatingLabelTextField.framework",
				"${BUILT_PRODUCTS_DIR}/SwiftyJSON/SwiftyJSON.framework",
			);
			name = "[CP] Embed Pods Frameworks";
			outputPaths = (
				"${TARGET_BUILD_DIR}/${FRAMEWORKS_FOLDER_PATH}/Alamofire.framework",
				"${TARGET_BUILD_DIR}/${FRAMEWORKS_FOLDER_PATH}/Moya.framework",
				"${TARGET_BUILD_DIR}/${FRAMEWORKS_FOLDER_PATH}/Result.framework",
				"${TARGET_BUILD_DIR}/${FRAMEWORKS_FOLDER_PATH}/SkyFloatingLabelTextField.framework",
				"${TARGET_BUILD_DIR}/${FRAMEWORKS_FOLDER_PATH}/SwiftyJSON.framework",
			);
			runOnlyForDeploymentPostprocessing = 0;
			shellPath = /bin/sh;
			shellScript = "\"${SRCROOT}/Pods/Target Support Files/Pods-Iliad/Pods-Iliad-frameworks.sh\"\n";
			showEnvVarsInLog = 0;
		};
		42AD899E127D686FB520AC34 /* [CP] Check Pods Manifest.lock */ = {
			isa = PBXShellScriptBuildPhase;
			buildActionMask = 2147483647;
			files = (
			);
			inputPaths = (
				"${PODS_PODFILE_DIR_PATH}/Podfile.lock",
				"${PODS_ROOT}/Manifest.lock",
			);
			name = "[CP] Check Pods Manifest.lock";
			outputPaths = (
				"$(DERIVED_FILE_DIR)/Pods-Iliad-checkManifestLockResult.txt",
			);
			runOnlyForDeploymentPostprocessing = 0;
			shellPath = /bin/sh;
			shellScript = "diff \"${PODS_PODFILE_DIR_PATH}/Podfile.lock\" \"${PODS_ROOT}/Manifest.lock\" > /dev/null\nif [ $? != 0 ] ; then\n    # print error to STDERR\n    echo \"error: The sandbox is not in sync with the Podfile.lock. Run 'pod install' or update your CocoaPods installation.\" >&2\n    exit 1\nfi\n# This output is used by Xcode 'outputs' to avoid re-running this script phase.\necho \"SUCCESS\" > \"${SCRIPT_OUTPUT_FILE_0}\"\n";
			showEnvVarsInLog = 0;
		};
		86250B09C3A0124FE674DF0E /* [CP] Embed Pods Frameworks */ = {
			isa = PBXShellScriptBuildPhase;
			buildActionMask = 2147483647;
			files = (
			);
			inputPaths = (
				"${SRCROOT}/Pods/Target Support Files/Pods-Iliad/Pods-Iliad-frameworks.sh",
				"${BUILT_PRODUCTS_DIR}/Alamofire/Alamofire.framework",
				"${BUILT_PRODUCTS_DIR}/Moya/Moya.framework",
				"${BUILT_PRODUCTS_DIR}/Result/Result.framework",
				"${BUILT_PRODUCTS_DIR}/SkyFloatingLabelTextField/SkyFloatingLabelTextField.framework",
				"${BUILT_PRODUCTS_DIR}/SwiftyJSON/SwiftyJSON.framework",
			);
			name = "[CP] Embed Pods Frameworks";
			outputPaths = (
				"${TARGET_BUILD_DIR}/${FRAMEWORKS_FOLDER_PATH}/Alamofire.framework",
				"${TARGET_BUILD_DIR}/${FRAMEWORKS_FOLDER_PATH}/Moya.framework",
				"${TARGET_BUILD_DIR}/${FRAMEWORKS_FOLDER_PATH}/Result.framework",
				"${TARGET_BUILD_DIR}/${FRAMEWORKS_FOLDER_PATH}/SkyFloatingLabelTextField.framework",
				"${TARGET_BUILD_DIR}/${FRAMEWORKS_FOLDER_PATH}/SwiftyJSON.framework",
			);
			runOnlyForDeploymentPostprocessing = 0;
			shellPath = /bin/sh;
			shellScript = "\"${SRCROOT}/Pods/Target Support Files/Pods-Iliad/Pods-Iliad-frameworks.sh\"\n";
			showEnvVarsInLog = 0;
		};
/* End PBXShellScriptBuildPhase section */

/* Begin PBXSourcesBuildPhase section */
		2A192FBD211B12BD007C1E5A /* Sources */ = {
			isa = PBXSourcesBuildPhase;
			buildActionMask = 2147483647;
			files = (
				2A192FBE211B12BD007C1E5A /* APIEndpoint+Paths.swift in Sources */,
				2A192FBF211B12BD007C1E5A /* LoginViewController.swift in Sources */,
				2A192FC0211B12BD007C1E5A /* API+Login.swift in Sources */,
				2A192FC1211B12BD007C1E5A /* Typealiases.swift in Sources */,
				2A192FC2211B12BD007C1E5A /* CustomButton.swift in Sources */,
				2A192FC3211B12BD007C1E5A /* API.swift in Sources */,
				2A192FC4211B12BD007C1E5A /* AppDelegate.swift in Sources */,
				2A192FC5211B12BD007C1E5A /* APIEndpoint.swift in Sources */,
				2A192FC7211B12BD007C1E5A /* APIEndpoint+Tasks.swift in Sources */,
				2A192FC8211B12BD007C1E5A /* API+XT.swift in Sources */,
				2A192FC9211B12BD007C1E5A /* AppConfig.swift in Sources */,
				2A192FCA211B12BD007C1E5A /* AppConfig+Staging.swift in Sources */,
				2A192FCB211B12BD007C1E5A /* APIEndpoint+Methods.swift in Sources */,
				2A192FCC211B12BD007C1E5A /* APIEndpoint+Core.swift in Sources */,
			);
			runOnlyForDeploymentPostprocessing = 0;
		};
		2A192FDC211B12C0007C1E5A /* Sources */ = {
			isa = PBXSourcesBuildPhase;
			buildActionMask = 2147483647;
			files = (
				2A192FDD211B12C0007C1E5A /* APIEndpoint+Paths.swift in Sources */,
				2A192FDE211B12C0007C1E5A /* LoginViewController.swift in Sources */,
				2A192FDF211B12C0007C1E5A /* API+Login.swift in Sources */,
				2A192FE0211B12C0007C1E5A /* Typealiases.swift in Sources */,
				2A192FE1211B12C0007C1E5A /* CustomButton.swift in Sources */,
				2A192FE2211B12C0007C1E5A /* API.swift in Sources */,
				2A192FE3211B12C0007C1E5A /* AppDelegate.swift in Sources */,
				2A192FE4211B12C0007C1E5A /* APIEndpoint.swift in Sources */,
				2A192FE6211B12C0007C1E5A /* APIEndpoint+Tasks.swift in Sources */,
				2A192FE7211B12C0007C1E5A /* API+XT.swift in Sources */,
				2A192FE8211B12C0007C1E5A /* AppConfig.swift in Sources */,
				2A192FEA211B12C0007C1E5A /* APIEndpoint+Methods.swift in Sources */,
				2A193000211B1766007C1E5A /* Credentials.swift in Sources */,
				2A192FEB211B12C0007C1E5A /* APIEndpoint+Core.swift in Sources */,
				2A192FEC211B12C0007C1E5A /* AppConfig+Dev.swift in Sources */,
			);
			runOnlyForDeploymentPostprocessing = 0;
		};
		2A80F306211AEF21008D8C89 /* Sources */ = {
			isa = PBXSourcesBuildPhase;
			buildActionMask = 2147483647;
			files = (
				2A192FAE211B0383007C1E5A /* APIEndpoint+Paths.swift in Sources */,
				2A192F99211AFF16007C1E5A /* LoginViewController.swift in Sources */,
				2A192FA2211B0306007C1E5A /* API+Login.swift in Sources */,
				2A192FA5211B0366007C1E5A /* Typealiases.swift in Sources */,
				2A192F97211AFD08007C1E5A /* CustomButton.swift in Sources */,
				2A192F9E211B01F4007C1E5A /* API.swift in Sources */,
				2A80F30E211AEF21008D8C89 /* AppDelegate.swift in Sources */,
				2A192FAF211B0383007C1E5A /* APIEndpoint.swift in Sources */,
				2A192FB6211B061F007C1E5A /* AppConfig+Prod.swift in Sources */,
				2A192FAB211B0383007C1E5A /* APIEndpoint+Tasks.swift in Sources */,
				2A192FA0211B02E7007C1E5A /* API+XT.swift in Sources */,
				2A192FB4211B060A007C1E5A /* AppConfig.swift in Sources */,
				2A192FAD211B0383007C1E5A /* APIEndpoint+Methods.swift in Sources */,
				2A192FAC211B0383007C1E5A /* APIEndpoint+Core.swift in Sources */,
			);
			runOnlyForDeploymentPostprocessing = 0;
		};
/* End PBXSourcesBuildPhase section */

/* Begin PBXVariantGroup section */
		2A192F8B211AF9F3007C1E5A /* LaunchScreen.storyboard */ = {
			isa = PBXVariantGroup;
			children = (
				2A192F8C211AF9F3007C1E5A /* Base */,
			);
			name = LaunchScreen.storyboard;
			sourceTree = "<group>";
		};
		2A192F8F211AF9F3007C1E5A /* Login.storyboard */ = {
			isa = PBXVariantGroup;
			children = (
				2A192F90211AF9F3007C1E5A /* Base */,
			);
			name = Login.storyboard;
			sourceTree = "<group>";
		};
/* End PBXVariantGroup section */

/* Begin XCBuildConfiguration section */
		2A192FD6211B12BD007C1E5A /* Debug */ = {
			isa = XCBuildConfiguration;
			baseConfigurationReference = E10A2C97B6E7F45CBDDDA3DB /* Pods-Iliad.debug.xcconfig */;
			buildSettings = {
				ASSETCATALOG_COMPILER_APPICON_NAME = AppIcon;
				CODE_SIGN_STYLE = Automatic;
				DEVELOPMENT_TEAM = LAT58Z69VZ;
				INFOPLIST_FILE = "$(SRCROOT)/iliadStaging-Info.plist";
				IPHONEOS_DEPLOYMENT_TARGET = 10.0;
				LD_RUNPATH_SEARCH_PATHS = (
					"$(inherited)",
					"@executable_path/Frameworks",
				);
				PRODUCT_BUNDLE_IDENTIFIER = com.luigiaiello.IliadStaging;
				PRODUCT_NAME = "$(TARGET_NAME)";
				SWIFT_VERSION = 4.0;
				TARGETED_DEVICE_FAMILY = "1,2";
			};
			name = Debug;
		};
		2A192FD7211B12BD007C1E5A /* Release */ = {
			isa = XCBuildConfiguration;
			baseConfigurationReference = D530370BE9EF242CC0B8EF31 /* Pods-Iliad.release.xcconfig */;
			buildSettings = {
				ASSETCATALOG_COMPILER_APPICON_NAME = AppIcon;
				CODE_SIGN_STYLE = Automatic;
				DEVELOPMENT_TEAM = LAT58Z69VZ;
				INFOPLIST_FILE = "$(SRCROOT)/iliadStaging-Info.plist";
				IPHONEOS_DEPLOYMENT_TARGET = 10.0;
				LD_RUNPATH_SEARCH_PATHS = (
					"$(inherited)",
					"@executable_path/Frameworks",
				);
				PRODUCT_BUNDLE_IDENTIFIER = com.luigiaiello.IliadStaging;
				PRODUCT_NAME = "$(TARGET_NAME)";
				SWIFT_VERSION = 4.0;
				TARGETED_DEVICE_FAMILY = "1,2";
			};
			name = Release;
		};
		2A192FF5211B12C0007C1E5A /* Debug */ = {
			isa = XCBuildConfiguration;
			baseConfigurationReference = E10A2C97B6E7F45CBDDDA3DB /* Pods-Iliad.debug.xcconfig */;
			buildSettings = {
				ASSETCATALOG_COMPILER_APPICON_NAME = AppIcon;
				CODE_SIGN_STYLE = Automatic;
				DEVELOPMENT_TEAM = LAT58Z69VZ;
				INFOPLIST_FILE = "$(SRCROOT)/iliadDev-Info.plist";
				IPHONEOS_DEPLOYMENT_TARGET = 10.0;
				LD_RUNPATH_SEARCH_PATHS = (
					"$(inherited)",
					"@executable_path/Frameworks",
				);
				OTHER_SWIFT_FLAGS = "$(inherited) \"-D\" \"COCOAPODS\" -DDEV";
				PRODUCT_BUNDLE_IDENTIFIER = com.luigiaiello.IliadDev;
				PRODUCT_NAME = "$(TARGET_NAME)";
				SWIFT_VERSION = 4.0;
				TARGETED_DEVICE_FAMILY = "1,2";
			};
			name = Debug;
		};
		2A192FF6211B12C0007C1E5A /* Release */ = {
			isa = XCBuildConfiguration;
			baseConfigurationReference = D530370BE9EF242CC0B8EF31 /* Pods-Iliad.release.xcconfig */;
			buildSettings = {
				ASSETCATALOG_COMPILER_APPICON_NAME = AppIcon;
				CODE_SIGN_STYLE = Automatic;
				DEVELOPMENT_TEAM = LAT58Z69VZ;
				INFOPLIST_FILE = "$(SRCROOT)/iliadDev-Info.plist";
				IPHONEOS_DEPLOYMENT_TARGET = 10.0;
				LD_RUNPATH_SEARCH_PATHS = (
					"$(inherited)",
					"@executable_path/Frameworks",
				);
				OTHER_SWIFT_FLAGS = "$(inherited) \"-D\" \"COCOAPODS\" -DDEV";
				PRODUCT_BUNDLE_IDENTIFIER = com.luigiaiello.IliadDev;
				PRODUCT_NAME = "$(TARGET_NAME)";
				SWIFT_VERSION = 4.0;
				TARGETED_DEVICE_FAMILY = "1,2";
			};
			name = Release;
		};
		2A80F31A211AEF22008D8C89 /* Debug */ = {
			isa = XCBuildConfiguration;
			buildSettings = {
				ALWAYS_SEARCH_USER_PATHS = NO;
				CLANG_ANALYZER_NONNULL = YES;
				CLANG_ANALYZER_NUMBER_OBJECT_CONVERSION = YES_AGGRESSIVE;
				CLANG_CXX_LANGUAGE_STANDARD = "gnu++14";
				CLANG_CXX_LIBRARY = "libc++";
				CLANG_ENABLE_MODULES = YES;
				CLANG_ENABLE_OBJC_ARC = YES;
				CLANG_ENABLE_OBJC_WEAK = YES;
				CLANG_WARN_BLOCK_CAPTURE_AUTORELEASING = YES;
				CLANG_WARN_BOOL_CONVERSION = YES;
				CLANG_WARN_COMMA = YES;
				CLANG_WARN_CONSTANT_CONVERSION = YES;
				CLANG_WARN_DEPRECATED_OBJC_IMPLEMENTATIONS = YES;
				CLANG_WARN_DIRECT_OBJC_ISA_USAGE = YES_ERROR;
				CLANG_WARN_DOCUMENTATION_COMMENTS = YES;
				CLANG_WARN_EMPTY_BODY = YES;
				CLANG_WARN_ENUM_CONVERSION = YES;
				CLANG_WARN_INFINITE_RECURSION = YES;
				CLANG_WARN_INT_CONVERSION = YES;
				CLANG_WARN_NON_LITERAL_NULL_CONVERSION = YES;
				CLANG_WARN_OBJC_IMPLICIT_RETAIN_SELF = YES;
				CLANG_WARN_OBJC_LITERAL_CONVERSION = YES;
				CLANG_WARN_OBJC_ROOT_CLASS = YES_ERROR;
				CLANG_WARN_RANGE_LOOP_ANALYSIS = YES;
				CLANG_WARN_STRICT_PROTOTYPES = YES;
				CLANG_WARN_SUSPICIOUS_MOVE = YES;
				CLANG_WARN_UNGUARDED_AVAILABILITY = YES_AGGRESSIVE;
				CLANG_WARN_UNREACHABLE_CODE = YES;
				CLANG_WARN__DUPLICATE_METHOD_MATCH = YES;
				CODE_SIGN_IDENTITY = "iPhone Developer";
				COPY_PHASE_STRIP = NO;
				DEBUG_INFORMATION_FORMAT = dwarf;
				ENABLE_STRICT_OBJC_MSGSEND = YES;
				ENABLE_TESTABILITY = YES;
				GCC_C_LANGUAGE_STANDARD = gnu11;
				GCC_DYNAMIC_NO_PIC = NO;
				GCC_NO_COMMON_BLOCKS = YES;
				GCC_OPTIMIZATION_LEVEL = 0;
				GCC_PREPROCESSOR_DEFINITIONS = (
					"DEBUG=1",
					"$(inherited)",
				);
				GCC_WARN_64_TO_32_BIT_CONVERSION = YES;
				GCC_WARN_ABOUT_RETURN_TYPE = YES_ERROR;
				GCC_WARN_UNDECLARED_SELECTOR = YES;
				GCC_WARN_UNINITIALIZED_AUTOS = YES_AGGRESSIVE;
				GCC_WARN_UNUSED_FUNCTION = YES;
				GCC_WARN_UNUSED_VARIABLE = YES;
				IPHONEOS_DEPLOYMENT_TARGET = 11.4;
				MTL_ENABLE_DEBUG_INFO = YES;
				ONLY_ACTIVE_ARCH = YES;
				SDKROOT = iphoneos;
				SWIFT_ACTIVE_COMPILATION_CONDITIONS = DEBUG;
				SWIFT_OPTIMIZATION_LEVEL = "-Onone";
			};
			name = Debug;
		};
		2A80F31B211AEF22008D8C89 /* Release */ = {
			isa = XCBuildConfiguration;
			buildSettings = {
				ALWAYS_SEARCH_USER_PATHS = NO;
				CLANG_ANALYZER_NONNULL = YES;
				CLANG_ANALYZER_NUMBER_OBJECT_CONVERSION = YES_AGGRESSIVE;
				CLANG_CXX_LANGUAGE_STANDARD = "gnu++14";
				CLANG_CXX_LIBRARY = "libc++";
				CLANG_ENABLE_MODULES = YES;
				CLANG_ENABLE_OBJC_ARC = YES;
				CLANG_ENABLE_OBJC_WEAK = YES;
				CLANG_WARN_BLOCK_CAPTURE_AUTORELEASING = YES;
				CLANG_WARN_BOOL_CONVERSION = YES;
				CLANG_WARN_COMMA = YES;
				CLANG_WARN_CONSTANT_CONVERSION = YES;
				CLANG_WARN_DEPRECATED_OBJC_IMPLEMENTATIONS = YES;
				CLANG_WARN_DIRECT_OBJC_ISA_USAGE = YES_ERROR;
				CLANG_WARN_DOCUMENTATION_COMMENTS = YES;
				CLANG_WARN_EMPTY_BODY = YES;
				CLANG_WARN_ENUM_CONVERSION = YES;
				CLANG_WARN_INFINITE_RECURSION = YES;
				CLANG_WARN_INT_CONVERSION = YES;
				CLANG_WARN_NON_LITERAL_NULL_CONVERSION = YES;
				CLANG_WARN_OBJC_IMPLICIT_RETAIN_SELF = YES;
				CLANG_WARN_OBJC_LITERAL_CONVERSION = YES;
				CLANG_WARN_OBJC_ROOT_CLASS = YES_ERROR;
				CLANG_WARN_RANGE_LOOP_ANALYSIS = YES;
				CLANG_WARN_STRICT_PROTOTYPES = YES;
				CLANG_WARN_SUSPICIOUS_MOVE = YES;
				CLANG_WARN_UNGUARDED_AVAILABILITY = YES_AGGRESSIVE;
				CLANG_WARN_UNREACHABLE_CODE = YES;
				CLANG_WARN__DUPLICATE_METHOD_MATCH = YES;
				CODE_SIGN_IDENTITY = "iPhone Developer";
				COPY_PHASE_STRIP = NO;
				DEBUG_INFORMATION_FORMAT = "dwarf-with-dsym";
				ENABLE_NS_ASSERTIONS = NO;
				ENABLE_STRICT_OBJC_MSGSEND = YES;
				GCC_C_LANGUAGE_STANDARD = gnu11;
				GCC_NO_COMMON_BLOCKS = YES;
				GCC_WARN_64_TO_32_BIT_CONVERSION = YES;
				GCC_WARN_ABOUT_RETURN_TYPE = YES_ERROR;
				GCC_WARN_UNDECLARED_SELECTOR = YES;
				GCC_WARN_UNINITIALIZED_AUTOS = YES_AGGRESSIVE;
				GCC_WARN_UNUSED_FUNCTION = YES;
				GCC_WARN_UNUSED_VARIABLE = YES;
				IPHONEOS_DEPLOYMENT_TARGET = 11.4;
				MTL_ENABLE_DEBUG_INFO = NO;
				SDKROOT = iphoneos;
				SWIFT_COMPILATION_MODE = wholemodule;
				SWIFT_OPTIMIZATION_LEVEL = "-O";
				VALIDATE_PRODUCT = YES;
			};
			name = Release;
		};
		2A80F31D211AEF22008D8C89 /* Debug */ = {
			isa = XCBuildConfiguration;
			baseConfigurationReference = E10A2C97B6E7F45CBDDDA3DB /* Pods-Iliad.debug.xcconfig */;
			buildSettings = {
				ASSETCATALOG_COMPILER_APPICON_NAME = AppIcon;
				CODE_SIGN_STYLE = Automatic;
				DEVELOPMENT_TEAM = LAT58Z69VZ;
				INFOPLIST_FILE = "$(SRCROOT)/Iliad/Configurations/Prod/iliadProd-Info.plist";
				IPHONEOS_DEPLOYMENT_TARGET = 10.0;
				LD_RUNPATH_SEARCH_PATHS = (
					"$(inherited)",
					"@executable_path/Frameworks",
				);
				PRODUCT_BUNDLE_IDENTIFIER = com.luigiaiello.Iliad;
				PRODUCT_NAME = "$(TARGET_NAME)";
				SWIFT_VERSION = 4.0;
				TARGETED_DEVICE_FAMILY = "1,2";
			};
			name = Debug;
		};
		2A80F31E211AEF22008D8C89 /* Release */ = {
			isa = XCBuildConfiguration;
			baseConfigurationReference = D530370BE9EF242CC0B8EF31 /* Pods-Iliad.release.xcconfig */;
			buildSettings = {
				ASSETCATALOG_COMPILER_APPICON_NAME = AppIcon;
				CODE_SIGN_STYLE = Automatic;
				DEVELOPMENT_TEAM = LAT58Z69VZ;
				INFOPLIST_FILE = "$(SRCROOT)/Iliad/Configurations/Prod/iliadProd-Info.plist";
				IPHONEOS_DEPLOYMENT_TARGET = 10.0;
				LD_RUNPATH_SEARCH_PATHS = (
					"$(inherited)",
					"@executable_path/Frameworks",
				);
				PRODUCT_BUNDLE_IDENTIFIER = com.luigiaiello.Iliad;
				PRODUCT_NAME = "$(TARGET_NAME)";
				SWIFT_VERSION = 4.0;
				TARGETED_DEVICE_FAMILY = "1,2";
			};
			name = Release;
		};
/* End XCBuildConfiguration section */

/* Begin XCConfigurationList section */
		2A192FD5211B12BD007C1E5A /* Build configuration list for PBXNativeTarget "IliadStaging" */ = {
			isa = XCConfigurationList;
			buildConfigurations = (
				2A192FD6211B12BD007C1E5A /* Debug */,
				2A192FD7211B12BD007C1E5A /* Release */,
			);
			defaultConfigurationIsVisible = 0;
			defaultConfigurationName = Release;
		};
		2A192FF4211B12C0007C1E5A /* Build configuration list for PBXNativeTarget "IliadDev" */ = {
			isa = XCConfigurationList;
			buildConfigurations = (
				2A192FF5211B12C0007C1E5A /* Debug */,
				2A192FF6211B12C0007C1E5A /* Release */,
			);
			defaultConfigurationIsVisible = 0;
			defaultConfigurationName = Release;
		};
		2A80F305211AEF21008D8C89 /* Build configuration list for PBXProject "Iliad" */ = {
			isa = XCConfigurationList;
			buildConfigurations = (
				2A80F31A211AEF22008D8C89 /* Debug */,
				2A80F31B211AEF22008D8C89 /* Release */,
			);
			defaultConfigurationIsVisible = 0;
			defaultConfigurationName = Release;
		};
		2A80F31C211AEF22008D8C89 /* Build configuration list for PBXNativeTarget "IliadProd" */ = {
			isa = XCConfigurationList;
			buildConfigurations = (
				2A80F31D211AEF22008D8C89 /* Debug */,
				2A80F31E211AEF22008D8C89 /* Release */,
			);
			defaultConfigurationIsVisible = 0;
			defaultConfigurationName = Release;
		};
/* End XCConfigurationList section */
	};
	rootObject = 2A80F302211AEF21008D8C89 /* Project object */;
}
