// !$*UTF8*$!
{
	archiveVersion = 1;
	classes = {
	};
	objectVersion = 50;
	objects = {

/* Begin PBXBuildFile section */
		279DC7AE83B415FADB26284F /* Pods_Iliad.framework in Frameworks */ = {isa = PBXBuildFile; fileRef = 690054E1B6EB8D8D40C38141 /* Pods_Iliad.framework */; };
		2A80F30E211AEF21008D8C89 /* AppDelegate.swift in Sources */ = {isa = PBXBuildFile; fileRef = 2A80F30D211AEF21008D8C89 /* AppDelegate.swift */; };
		2A80F313211AEF21008D8C89 /* Main.storyboard in Resources */ = {isa = PBXBuildFile; fileRef = 2A80F311211AEF21008D8C89 /* Main.storyboard */; };
		2A80F315211AEF22008D8C89 /* Assets.xcassets in Resources */ = {isa = PBXBuildFile; fileRef = 2A80F314211AEF22008D8C89 /* Assets.xcassets */; };
		2A80F318211AEF22008D8C89 /* LaunchScreen.storyboard in Resources */ = {isa = PBXBuildFile; fileRef = 2A80F316211AEF22008D8C89 /* LaunchScreen.storyboard */; };
		2A80F324211AEFB8008D8C89 /* Login.storyboard in Resources */ = {isa = PBXBuildFile; fileRef = 2A80F323211AEFB8008D8C89 /* Login.storyboard */; };
/* End PBXBuildFile section */

/* Begin PBXFileReference section */
		2A80F30A211AEF21008D8C89 /* Iliad.app */ = {isa = PBXFileReference; explicitFileType = wrapper.application; includeInIndex = 0; path = Iliad.app; sourceTree = BUILT_PRODUCTS_DIR; };
		2A80F30D211AEF21008D8C89 /* AppDelegate.swift */ = {isa = PBXFileReference; lastKnownFileType = sourcecode.swift; path = AppDelegate.swift; sourceTree = "<group>"; };
		2A80F312211AEF21008D8C89 /* Base */ = {isa = PBXFileReference; lastKnownFileType = file.storyboard; name = Base; path = Base.lproj/Main.storyboard; sourceTree = "<group>"; };
		2A80F314211AEF22008D8C89 /* Assets.xcassets */ = {isa = PBXFileReference; lastKnownFileType = folder.assetcatalog; path = Assets.xcassets; sourceTree = "<group>"; };
		2A80F317211AEF22008D8C89 /* Base */ = {isa = PBXFileReference; lastKnownFileType = file.storyboard; name = Base; path = Base.lproj/LaunchScreen.storyboard; sourceTree = "<group>"; };
		2A80F319211AEF22008D8C89 /* Info.plist */ = {isa = PBXFileReference; lastKnownFileType = text.plist.xml; path = Info.plist; sourceTree = "<group>"; };
		2A80F323211AEFB8008D8C89 /* Login.storyboard */ = {isa = PBXFileReference; lastKnownFileType = file.storyboard; path = Login.storyboard; sourceTree = "<group>"; };
		690054E1B6EB8D8D40C38141 /* Pods_Iliad.framework */ = {isa = PBXFileReference; explicitFileType = wrapper.framework; includeInIndex = 0; path = Pods_Iliad.framework; sourceTree = BUILT_PRODUCTS_DIR; };
		D530370BE9EF242CC0B8EF31 /* Pods-Iliad.release.xcconfig */ = {isa = PBXFileReference; includeInIndex = 1; lastKnownFileType = text.xcconfig; name = "Pods-Iliad.release.xcconfig"; path = "Pods/Target Support Files/Pods-Iliad/Pods-Iliad.release.xcconfig"; sourceTree = "<group>"; };
		E10A2C97B6E7F45CBDDDA3DB /* Pods-Iliad.debug.xcconfig */ = {isa = PBXFileReference; includeInIndex = 1; lastKnownFileType = text.xcconfig; name = "Pods-Iliad.debug.xcconfig"; path = "Pods/Target Support Files/Pods-Iliad/Pods-Iliad.debug.xcconfig"; sourceTree = "<group>"; };
/* End PBXFileReference section */

/* Begin PBXFrameworksBuildPhase section */
		2A80F307211AEF21008D8C89 /* Frameworks */ = {
			isa = PBXFrameworksBuildPhase;
			buildActionMask = 2147483647;
			files = (
				279DC7AE83B415FADB26284F /* Pods_Iliad.framework in Frameworks */,
			);
			runOnlyForDeploymentPostprocessing = 0;
		};
/* End PBXFrameworksBuildPhase section */

/* Begin PBXGroup section */
		004341AD034F68D90CB0641A /* Frameworks */ = {
			isa = PBXGroup;
			children = (
				690054E1B6EB8D8D40C38141 /* Pods_Iliad.framework */,
			);
			name = Frameworks;
			sourceTree = "<group>";
		};
		2A80F301211AEF21008D8C89 = {
			isa = PBXGroup;
			children = (
				2A80F30C211AEF21008D8C89 /* Iliad */,
				2A80F30B211AEF21008D8C89 /* Products */,
				66121AC3963DC814846714DB /* Pods */,
				004341AD034F68D90CB0641A /* Frameworks */,
			);
			sourceTree = "<group>";
		};
		2A80F30B211AEF21008D8C89 /* Products */ = {
			isa = PBXGroup;
			children = (
				2A80F30A211AEF21008D8C89 /* Iliad.app */,
			);
			name = Products;
			sourceTree = "<group>";
		};
		2A80F30C211AEF21008D8C89 /* Iliad */ = {
			isa = PBXGroup;
			children = (
				2A80F30D211AEF21008D8C89 /* AppDelegate.swift */,
				2A80F322211AEF7F008D8C89 /* Configurations */,
				2A80F320211AEF3C008D8C89 /* Controllers */,
				2A80F321211AEF40008D8C89 /* Storyboards */,
				2A80F31F211AEF37008D8C89 /* Resources */,
			);
			path = Iliad;
			sourceTree = "<group>";
		};
		2A80F31F211AEF37008D8C89 /* Resources */ = {
			isa = PBXGroup;
			children = (
				2A80F314211AEF22008D8C89 /* Assets.xcassets */,
			);
			path = Resources;
			sourceTree = "<group>";
		};
		2A80F320211AEF3C008D8C89 /* Controllers */ = {
			isa = PBXGroup;
			children = (
			);
			path = Controllers;
			sourceTree = "<group>";
		};
		2A80F321211AEF40008D8C89 /* Storyboards */ = {
			isa = PBXGroup;
			children = (
				2A80F311211AEF21008D8C89 /* Main.storyboard */,
				2A80F323211AEFB8008D8C89 /* Login.storyboard */,
				2A80F316211AEF22008D8C89 /* LaunchScreen.storyboard */,
			);
			path = Storyboards;
			sourceTree = "<group>";
		};
		2A80F322211AEF7F008D8C89 /* Configurations */ = {
			isa = PBXGroup;
			children = (
				2A80F319211AEF22008D8C89 /* Info.plist */,
			);
			path = Configurations;
			sourceTree = "<group>";
		};
		66121AC3963DC814846714DB /* Pods */ = {
			isa = PBXGroup;
			children = (
				E10A2C97B6E7F45CBDDDA3DB /* Pods-Iliad.debug.xcconfig */,
				D530370BE9EF242CC0B8EF31 /* Pods-Iliad.release.xcconfig */,
			);
			name = Pods;
			sourceTree = "<group>";
		};
/* End PBXGroup section */

/* Begin PBXNativeTarget section */
		2A80F309211AEF21008D8C89 /* Iliad */ = {
			isa = PBXNativeTarget;
			buildConfigurationList = 2A80F31C211AEF22008D8C89 /* Build configuration list for PBXNativeTarget "Iliad" */;
			buildPhases = (
				42AD899E127D686FB520AC34 /* [CP] Check Pods Manifest.lock */,
				2A80F306211AEF21008D8C89 /* Sources */,
				2A80F307211AEF21008D8C89 /* Frameworks */,
				2A80F308211AEF21008D8C89 /* Resources */,
				86250B09C3A0124FE674DF0E /* [CP] Embed Pods Frameworks */,
			);
			buildRules = (
			);
			dependencies = (
			);
			name = Iliad;
			productName = Iliad;
			productReference = 2A80F30A211AEF21008D8C89 /* Iliad.app */;
			productType = "com.apple.product-type.application";
		};
/* End PBXNativeTarget section */

/* Begin PBXProject section */
		2A80F302211AEF21008D8C89 /* Project object */ = {
			isa = PBXProject;
			attributes = {
				LastSwiftUpdateCheck = 0940;
				LastUpgradeCheck = 0940;
				ORGANIZATIONNAME = "Luigi Aiello";
				TargetAttributes = {
					2A80F309211AEF21008D8C89 = {
						CreatedOnToolsVersion = 9.4.1;
					};
				};
			};
			buildConfigurationList = 2A80F305211AEF21008D8C89 /* Build configuration list for PBXProject "Iliad" */;
			compatibilityVersion = "Xcode 9.3";
			developmentRegion = en;
			hasScannedForEncodings = 0;
			knownRegions = (
				en,
				Base,
			);
			mainGroup = 2A80F301211AEF21008D8C89;
			productRefGroup = 2A80F30B211AEF21008D8C89 /* Products */;
			projectDirPath = "";
			projectRoot = "";
			targets = (
				2A80F309211AEF21008D8C89 /* Iliad */,
			);
		};
/* End PBXProject section */

/* Begin PBXResourcesBuildPhase section */
		2A80F308211AEF21008D8C89 /* Resources */ = {
			isa = PBXResourcesBuildPhase;
			buildActionMask = 2147483647;
			files = (
				2A80F324211AEFB8008D8C89 /* Login.storyboard in Resources */,
				2A80F318211AEF22008D8C89 /* LaunchScreen.storyboard in Resources */,
				2A80F315211AEF22008D8C89 /* Assets.xcassets in Resources */,
				2A80F313211AEF21008D8C89 /* Main.storyboard in Resources */,
			);
			runOnlyForDeploymentPostprocessing = 0;
		};
/* End PBXResourcesBuildPhase section */

/* Begin PBXShellScriptBuildPhase section */
		42AD899E127D686FB520AC34 /* [CP] Check Pods Manifest.lock */ = {
			isa = PBXShellScriptBuildPhase;
			buildActionMask = 2147483647;
			files = (
			);
			inputPaths = (
				"${PODS_PODFILE_DIR_PATH}/Podfile.lock",
				"${PODS_ROOT}/Manifest.lock",
			);
			name = "[CP] Check Pods Manifest.lock";
			outputPaths = (
				"$(DERIVED_FILE_DIR)/Pods-Iliad-checkManifestLockResult.txt",
			);
			runOnlyForDeploymentPostprocessing = 0;
			shellPath = /bin/sh;
			shellScript = "diff \"${PODS_PODFILE_DIR_PATH}/Podfile.lock\" \"${PODS_ROOT}/Manifest.lock\" > /dev/null\nif [ $? != 0 ] ; then\n    # print error to STDERR\n    echo \"error: The sandbox is not in sync with the Podfile.lock. Run 'pod install' or update your CocoaPods installation.\" >&2\n    exit 1\nfi\n# This output is used by Xcode 'outputs' to avoid re-running this script phase.\necho \"SUCCESS\" > \"${SCRIPT_OUTPUT_FILE_0}\"\n";
			showEnvVarsInLog = 0;
		};
		86250B09C3A0124FE674DF0E /* [CP] Embed Pods Frameworks */ = {
			isa = PBXShellScriptBuildPhase;
			buildActionMask = 2147483647;
			files = (
			);
			inputPaths = (
				"${SRCROOT}/Pods/Target Support Files/Pods-Iliad/Pods-Iliad-frameworks.sh",
				"${BUILT_PRODUCTS_DIR}/SkyFloatingLabelTextField/SkyFloatingLabelTextField.framework",
			);
			name = "[CP] Embed Pods Frameworks";
			outputPaths = (
				"${TARGET_BUILD_DIR}/${FRAMEWORKS_FOLDER_PATH}/SkyFloatingLabelTextField.framework",
			);
			runOnlyForDeploymentPostprocessing = 0;
			shellPath = /bin/sh;
			shellScript = "\"${SRCROOT}/Pods/Target Support Files/Pods-Iliad/Pods-Iliad-frameworks.sh\"\n";
			showEnvVarsInLog = 0;
		};
/* End PBXShellScriptBuildPhase section */

/* Begin PBXSourcesBuildPhase section */
		2A80F306211AEF21008D8C89 /* Sources */ = {
			isa = PBXSourcesBuildPhase;
			buildActionMask = 2147483647;
			files = (
				2A80F30E211AEF21008D8C89 /* AppDelegate.swift in Sources */,
			);
			runOnlyForDeploymentPostprocessing = 0;
		};
/* End PBXSourcesBuildPhase section */

/* Begin PBXVariantGroup section */
		2A80F311211AEF21008D8C89 /* Main.storyboard */ = {
			isa = PBXVariantGroup;
			children = (
				2A80F312211AEF21008D8C89 /* Base */,
			);
			name = Main.storyboard;
			sourceTree = "<group>";
		};
		2A80F316211AEF22008D8C89 /* LaunchScreen.storyboard */ = {
			isa = PBXVariantGroup;
			children = (
				2A80F317211AEF22008D8C89 /* Base */,
			);
			name = LaunchScreen.storyboard;
			sourceTree = "<group>";
		};
/* End PBXVariantGroup section */

/* Begin XCBuildConfiguration section */
		2A80F31A211AEF22008D8C89 /* Debug */ = {
			isa = XCBuildConfiguration;
			buildSettings = {
				ALWAYS_SEARCH_USER_PATHS = NO;
				CLANG_ANALYZER_NONNULL = YES;
				CLANG_ANALYZER_NUMBER_OBJECT_CONVERSION = YES_AGGRESSIVE;
				CLANG_CXX_LANGUAGE_STANDARD = "gnu++14";
				CLANG_CXX_LIBRARY = "libc++";
				CLANG_ENABLE_MODULES = YES;
				CLANG_ENABLE_OBJC_ARC = YES;
				CLANG_ENABLE_OBJC_WEAK = YES;
				CLANG_WARN_BLOCK_CAPTURE_AUTORELEASING = YES;
				CLANG_WARN_BOOL_CONVERSION = YES;
				CLANG_WARN_COMMA = YES;
				CLANG_WARN_CONSTANT_CONVERSION = YES;
				CLANG_WARN_DEPRECATED_OBJC_IMPLEMENTATIONS = YES;
				CLANG_WARN_DIRECT_OBJC_ISA_USAGE = YES_ERROR;
				CLANG_WARN_DOCUMENTATION_COMMENTS = YES;
				CLANG_WARN_EMPTY_BODY = YES;
				CLANG_WARN_ENUM_CONVERSION = YES;
				CLANG_WARN_INFINITE_RECURSION = YES;
				CLANG_WARN_INT_CONVERSION = YES;
				CLANG_WARN_NON_LITERAL_NULL_CONVERSION = YES;
				CLANG_WARN_OBJC_IMPLICIT_RETAIN_SELF = YES;
				CLANG_WARN_OBJC_LITERAL_CONVERSION = YES;
				CLANG_WARN_OBJC_ROOT_CLASS = YES_ERROR;
				CLANG_WARN_RANGE_LOOP_ANALYSIS = YES;
				CLANG_WARN_STRICT_PROTOTYPES = YES;
				CLANG_WARN_SUSPICIOUS_MOVE = YES;
				CLANG_WARN_UNGUARDED_AVAILABILITY = YES_AGGRESSIVE;
				CLANG_WARN_UNREACHABLE_CODE = YES;
				CLANG_WARN__DUPLICATE_METHOD_MATCH = YES;
				CODE_SIGN_IDENTITY = "iPhone Developer";
				COPY_PHASE_STRIP = NO;
				DEBUG_INFORMATION_FORMAT = dwarf;
				ENABLE_STRICT_OBJC_MSGSEND = YES;
				ENABLE_TESTABILITY = YES;
				GCC_C_LANGUAGE_STANDARD = gnu11;
				GCC_DYNAMIC_NO_PIC = NO;
				GCC_NO_COMMON_BLOCKS = YES;
				GCC_OPTIMIZATION_LEVEL = 0;
				GCC_PREPROCESSOR_DEFINITIONS = (
					"DEBUG=1",
					"$(inherited)",
				);
				GCC_WARN_64_TO_32_BIT_CONVERSION = YES;
				GCC_WARN_ABOUT_RETURN_TYPE = YES_ERROR;
				GCC_WARN_UNDECLARED_SELECTOR = YES;
				GCC_WARN_UNINITIALIZED_AUTOS = YES_AGGRESSIVE;
				GCC_WARN_UNUSED_FUNCTION = YES;
				GCC_WARN_UNUSED_VARIABLE = YES;
				IPHONEOS_DEPLOYMENT_TARGET = 11.4;
				MTL_ENABLE_DEBUG_INFO = YES;
				ONLY_ACTIVE_ARCH = YES;
				SDKROOT = iphoneos;
				SWIFT_ACTIVE_COMPILATION_CONDITIONS = DEBUG;
				SWIFT_OPTIMIZATION_LEVEL = "-Onone";
			};
			name = Debug;
		};
		2A80F31B211AEF22008D8C89 /* Release */ = {
			isa = XCBuildConfiguration;
			buildSettings = {
				ALWAYS_SEARCH_USER_PATHS = NO;
				CLANG_ANALYZER_NONNULL = YES;
				CLANG_ANALYZER_NUMBER_OBJECT_CONVERSION = YES_AGGRESSIVE;
				CLANG_CXX_LANGUAGE_STANDARD = "gnu++14";
				CLANG_CXX_LIBRARY = "libc++";
				CLANG_ENABLE_MODULES = YES;
				CLANG_ENABLE_OBJC_ARC = YES;
				CLANG_ENABLE_OBJC_WEAK = YES;
				CLANG_WARN_BLOCK_CAPTURE_AUTORELEASING = YES;
				CLANG_WARN_BOOL_CONVERSION = YES;
				CLANG_WARN_COMMA = YES;
				CLANG_WARN_CONSTANT_CONVERSION = YES;
				CLANG_WARN_DEPRECATED_OBJC_IMPLEMENTATIONS = YES;
				CLANG_WARN_DIRECT_OBJC_ISA_USAGE = YES_ERROR;
				CLANG_WARN_DOCUMENTATION_COMMENTS = YES;
				CLANG_WARN_EMPTY_BODY = YES;
				CLANG_WARN_ENUM_CONVERSION = YES;
				CLANG_WARN_INFINITE_RECURSION = YES;
				CLANG_WARN_INT_CONVERSION = YES;
				CLANG_WARN_NON_LITERAL_NULL_CONVERSION = YES;
				CLANG_WARN_OBJC_IMPLICIT_RETAIN_SELF = YES;
				CLANG_WARN_OBJC_LITERAL_CONVERSION = YES;
				CLANG_WARN_OBJC_ROOT_CLASS = YES_ERROR;
				CLANG_WARN_RANGE_LOOP_ANALYSIS = YES;
				CLANG_WARN_STRICT_PROTOTYPES = YES;
				CLANG_WARN_SUSPICIOUS_MOVE = YES;
				CLANG_WARN_UNGUARDED_AVAILABILITY = YES_AGGRESSIVE;
				CLANG_WARN_UNREACHABLE_CODE = YES;
				CLANG_WARN__DUPLICATE_METHOD_MATCH = YES;
				CODE_SIGN_IDENTITY = "iPhone Developer";
				COPY_PHASE_STRIP = NO;
				DEBUG_INFORMATION_FORMAT = "dwarf-with-dsym";
				ENABLE_NS_ASSERTIONS = NO;
				ENABLE_STRICT_OBJC_MSGSEND = YES;
				GCC_C_LANGUAGE_STANDARD = gnu11;
				GCC_NO_COMMON_BLOCKS = YES;
				GCC_WARN_64_TO_32_BIT_CONVERSION = YES;
				GCC_WARN_ABOUT_RETURN_TYPE = YES_ERROR;
				GCC_WARN_UNDECLARED_SELECTOR = YES;
				GCC_WARN_UNINITIALIZED_AUTOS = YES_AGGRESSIVE;
				GCC_WARN_UNUSED_FUNCTION = YES;
				GCC_WARN_UNUSED_VARIABLE = YES;
				IPHONEOS_DEPLOYMENT_TARGET = 11.4;
				MTL_ENABLE_DEBUG_INFO = NO;
				SDKROOT = iphoneos;
				SWIFT_COMPILATION_MODE = wholemodule;
				SWIFT_OPTIMIZATION_LEVEL = "-O";
				VALIDATE_PRODUCT = YES;
			};
			name = Release;
		};
		2A80F31D211AEF22008D8C89 /* Debug */ = {
			isa = XCBuildConfiguration;
			baseConfigurationReference = E10A2C97B6E7F45CBDDDA3DB /* Pods-Iliad.debug.xcconfig */;
			buildSettings = {
				ASSETCATALOG_COMPILER_APPICON_NAME = AppIcon;
				CODE_SIGN_STYLE = Automatic;
				DEVELOPMENT_TEAM = LAT58Z69VZ;
				INFOPLIST_FILE = "$(SRCROOT)/Iliad/Configurations/Info.plist";
				IPHONEOS_DEPLOYMENT_TARGET = 10.0;
				LD_RUNPATH_SEARCH_PATHS = "$(inherited) @executable_path/Frameworks";
				PRODUCT_BUNDLE_IDENTIFIER = com.luigiaiello.Iliad;
				PRODUCT_NAME = "$(TARGET_NAME)";
				SWIFT_VERSION = 4.0;
				TARGETED_DEVICE_FAMILY = "1,2";
			};
			name = Debug;
		};
		2A80F31E211AEF22008D8C89 /* Release */ = {
			isa = XCBuildConfiguration;
			baseConfigurationReference = D530370BE9EF242CC0B8EF31 /* Pods-Iliad.release.xcconfig */;
			buildSettings = {
				ASSETCATALOG_COMPILER_APPICON_NAME = AppIcon;
				CODE_SIGN_STYLE = Automatic;
				DEVELOPMENT_TEAM = LAT58Z69VZ;
				INFOPLIST_FILE = "$(SRCROOT)/Iliad/Configurations/Info.plist";
				IPHONEOS_DEPLOYMENT_TARGET = 10.0;
				LD_RUNPATH_SEARCH_PATHS = "$(inherited) @executable_path/Frameworks";
				PRODUCT_BUNDLE_IDENTIFIER = com.luigiaiello.Iliad;
				PRODUCT_NAME = "$(TARGET_NAME)";
				SWIFT_VERSION = 4.0;
				TARGETED_DEVICE_FAMILY = "1,2";
			};
			name = Release;
		};
/* End XCBuildConfiguration section */

/* Begin XCConfigurationList section */
		2A80F305211AEF21008D8C89 /* Build configuration list for PBXProject "Iliad" */ = {
			isa = XCConfigurationList;
			buildConfigurations = (
				2A80F31A211AEF22008D8C89 /* Debug */,
				2A80F31B211AEF22008D8C89 /* Release */,
			);
			defaultConfigurationIsVisible = 0;
			defaultConfigurationName = Release;
		};
		2A80F31C211AEF22008D8C89 /* Build configuration list for PBXNativeTarget "Iliad" */ = {
			isa = XCConfigurationList;
			buildConfigurations = (
				2A80F31D211AEF22008D8C89 /* Debug */,
				2A80F31E211AEF22008D8C89 /* Release */,
			);
			defaultConfigurationIsVisible = 0;
			defaultConfigurationName = Release;
		};
/* End XCConfigurationList section */
	};
	rootObject = 2A80F302211AEF21008D8C89 /* Project object */;
}
